
Microsoft Visual Studio Solution File, Format Version 12.00
# Visual Studio Version 17
VisualStudioVersion = 17.7.34031.279
MinimumVisualStudioVersion = 10.0.40219.1
Project("{FAE04EC0-301F-11D3-BF4B-00C04F79EFBC}") = "WalkieVolume", "WalkieVolume.csproj", "{701E73B2-C2BF-4A50-B930-61DF07D52650}"
EndProject
Global
	GlobalSection(SolutionConfigurationPlatforms) = preSolution
		Debug|Any CPU = Debug|Any CPU
		Release|Any CPU = Release|Any CPU
	EndGlobalSection
	GlobalSection(ProjectConfigurationPlatforms) = postSolution
		{701E73B2-C2BF-4A50-B930-61DF07D52650}.Debug|Any CPU.ActiveCfg = Debug|Any CPU
		{701E73B2-C2BF-4A50-B930-61DF07D52650}.Debug|Any CPU.Build.0 = Debug|Any CPU
		{701E73B2-C2BF-4A50-B930-61DF07D52650}.Release|Any CPU.ActiveCfg = Release|Any CPU
		{701E73B2-C2BF-4A50-B930-61DF07D52650}.Release|Any CPU.Build.0 = Release|Any CPU
	EndGlobalSection
	GlobalSection(SolutionProperties) = preSolution
		HideSolutionNode = FALSE
	EndGlobalSection
	GlobalSection(ExtensibilityGlobals) = postSolution
		SolutionGuid = {68BBBC7D-7189-48D4-9D32-43785B446E54}
	EndGlobalSection
EndGlobal
